
Microsoft Visual Studio Solution File, Format Version 12.00
Project("{FAE04EC0-301F-11D3-BF4B-00C04F79EFBC}") = "091224veriders", "091224veriders\091224veriders.csproj", "{318FF257-AB9C-49AF-BBD1-5286596BDC92}"
EndProject
Global
	GlobalSection(SolutionConfigurationPlatforms) = preSolution
		Debug|Any CPU = Debug|Any CPU
		Release|Any CPU = Release|Any CPU
	EndGlobalSection
	GlobalSection(ProjectConfigurationPlatforms) = postSolution
		{318FF257-AB9C-49AF-BBD1-5286596BDC92}.Debug|Any CPU.ActiveCfg = Debug|Any CPU
		{318FF257-AB9C-49AF-BBD1-5286596BDC92}.Debug|Any CPU.Build.0 = Debug|Any CPU
		{318FF257-AB9C-49AF-BBD1-5286596BDC92}.Release|Any CPU.ActiveCfg = Release|Any CPU
		{318FF257-AB9C-49AF-BBD1-5286596BDC92}.Release|Any CPU.Build.0 = Release|Any CPU
	EndGlobalSection
EndGlobal
