
Microsoft Visual Studio Solution File, Format Version 12.00
Project("{FAE04EC0-301F-11D3-BF4B-00C04F79EFBC}") = "Veri-1", "Veri-1\Veri-1.csproj", "{11A5AB72-0102-49AD-9E27-6FD4EB140309}"
EndProject
Global
	GlobalSection(SolutionConfigurationPlatforms) = preSolution
		Debug|Any CPU = Debug|Any CPU
		Release|Any CPU = Release|Any CPU
	EndGlobalSection
	GlobalSection(ProjectConfigurationPlatforms) = postSolution
		{11A5AB72-0102-49AD-9E27-6FD4EB140309}.Debug|Any CPU.ActiveCfg = Debug|Any CPU
		{11A5AB72-0102-49AD-9E27-6FD4EB140309}.Debug|Any CPU.Build.0 = Debug|Any CPU
		{11A5AB72-0102-49AD-9E27-6FD4EB140309}.Release|Any CPU.ActiveCfg = Release|Any CPU
		{11A5AB72-0102-49AD-9E27-6FD4EB140309}.Release|Any CPU.Build.0 = Release|Any CPU
	EndGlobalSection
EndGlobal
