
Microsoft Visual Studio Solution File, Format Version 12.00
Project("{FAE04EC0-301F-11D3-BF4B-00C04F79EFBC}") = "veriCıkmısSorular", "veriCıkmısSorular\veriCıkmısSorular.csproj", "{D8BC2B1F-AD1E-40DA-868C-A9F9F045AB8D}"
EndProject
Global
	GlobalSection(SolutionConfigurationPlatforms) = preSolution
		Debug|Any CPU = Debug|Any CPU
		Release|Any CPU = Release|Any CPU
	EndGlobalSection
	GlobalSection(ProjectConfigurationPlatforms) = postSolution
		{D8BC2B1F-AD1E-40DA-868C-A9F9F045AB8D}.Debug|Any CPU.ActiveCfg = Debug|Any CPU
		{D8BC2B1F-AD1E-40DA-868C-A9F9F045AB8D}.Debug|Any CPU.Build.0 = Debug|Any CPU
		{D8BC2B1F-AD1E-40DA-868C-A9F9F045AB8D}.Release|Any CPU.ActiveCfg = Release|Any CPU
		{D8BC2B1F-AD1E-40DA-868C-A9F9F045AB8D}.Release|Any CPU.Build.0 = Release|Any CPU
	EndGlobalSection
EndGlobal
