
Microsoft Visual Studio Solution File, Format Version 12.00
Project("{FAE04EC0-301F-11D3-BF4B-00C04F79EFBC}") = "veriVizeÖncesiTekrar", "veriVizeÖncesiTekrar\veriVizeÖncesiTekrar.csproj", "{CACE929A-8E38-46F4-BF38-8433A3AD2D55}"
EndProject
Global
	GlobalSection(SolutionConfigurationPlatforms) = preSolution
		Debug|Any CPU = Debug|Any CPU
		Release|Any CPU = Release|Any CPU
	EndGlobalSection
	GlobalSection(ProjectConfigurationPlatforms) = postSolution
		{CACE929A-8E38-46F4-BF38-8433A3AD2D55}.Debug|Any CPU.ActiveCfg = Debug|Any CPU
		{CACE929A-8E38-46F4-BF38-8433A3AD2D55}.Debug|Any CPU.Build.0 = Debug|Any CPU
		{CACE929A-8E38-46F4-BF38-8433A3AD2D55}.Release|Any CPU.ActiveCfg = Release|Any CPU
		{CACE929A-8E38-46F4-BF38-8433A3AD2D55}.Release|Any CPU.Build.0 = Release|Any CPU
	EndGlobalSection
EndGlobal
