
Microsoft Visual Studio Solution File, Format Version 12.00
Project("{FAE04EC0-301F-11D3-BF4B-00C04F79EFBC}") = "isletims", "isletims\isletims.csproj", "{4D7BAB10-3743-486C-97AA-2A2C8967D93B}"
EndProject
Global
	GlobalSection(SolutionConfigurationPlatforms) = preSolution
		Debug|Any CPU = Debug|Any CPU
		Release|Any CPU = Release|Any CPU
	EndGlobalSection
	GlobalSection(ProjectConfigurationPlatforms) = postSolution
		{4D7BAB10-3743-486C-97AA-2A2C8967D93B}.Debug|Any CPU.ActiveCfg = Debug|Any CPU
		{4D7BAB10-3743-486C-97AA-2A2C8967D93B}.Debug|Any CPU.Build.0 = Debug|Any CPU
		{4D7BAB10-3743-486C-97AA-2A2C8967D93B}.Release|Any CPU.ActiveCfg = Release|Any CPU
		{4D7BAB10-3743-486C-97AA-2A2C8967D93B}.Release|Any CPU.Build.0 = Release|Any CPU
	EndGlobalSection
EndGlobal
